<?xml version="1.0" encoding="utf-8"?>
<Project ToolsVersion="4.0" xmlns="http://schemas.microsoft.com/developer/msbuild/2003">
  <ItemGroup>
    <Filter Include="ソース ファイル">
      <UniqueIdentifier>{4FC737F1-C7A5-4376-A066-2A32D752A2FF}</UniqueIdentifier>
      <Extensions>cpp;c;cc;cxx;c++;cppm;ixx;def;odl;idl;hpj;bat;asm;asmx</Extensions>
    </Filter>
    <Filter Include="ヘッダー ファイル">
      <UniqueIdentifier>{93995380-89BD-4b04-88EB-625FBE52EBFB}</UniqueIdentifier>
      <Extensions>h;hh;hpp;hxx;h++;hm;inl;inc;ipp;xsd</Extensions>
    </Filter>
    <Filter Include="リソース ファイル">
      <UniqueIdentifier>{67DA6AB6-F800-4c08-8B7A-83BB121AAD01}</UniqueIdentifier>
      <Extensions>rc;ico;cur;bmp;dlg;rc2;rct;bin;rgs;gif;jpg;jpeg;jpe;resx;tiff;tif;png;wav;mfcribbon-ms</Extensions>
    </Filter>
    <Filter Include="ソース ファイル\Player">
      <UniqueIdentifier>{1edfe039-462e-48d8-996d-a04dcbf342e2}</UniqueIdentifier>
    </Filter>
    <Filter Include="ソース ファイル\UI">
      <UniqueIdentifier>{3a627bd0-b748-48a0-aa6d-a3d4fe0beaba}</UniqueIdentifier>
    </Filter>
    <Filter Include="ソース ファイル\Effect">
      <UniqueIdentifier>{a15892ea-8e57-4399-9ac6-f8dd5377fff3}</UniqueIdentifier>
    </Filter>
    <Filter Include="ソース ファイル\GameObject">
      <UniqueIdentifier>{151c3204-9775-4f66-a4c3-7f3d7311b74a}</UniqueIdentifier>
    </Filter>
    <Filter Include="ソース ファイル\Colision">
      <UniqueIdentifier>{7219d663-3b1a-461f-9d77-a024abf3e58a}</UniqueIdentifier>
    </Filter>
    <Filter Include="ソース ファイル\Camera">
      <UniqueIdentifier>{644e05dc-0eca-4172-bc57-73eee0d91fec}</UniqueIdentifier>
    </Filter>
    <Filter Include="ソース ファイル\Map">
      <UniqueIdentifier>{86b95f3e-9e59-4547-a5fb-69f69c13eb27}</UniqueIdentifier>
    </Filter>
    <Filter Include="ソース ファイル\Enemy">
      <UniqueIdentifier>{98e8c5e0-9901-4a7a-a99a-2acfcdc08255}</UniqueIdentifier>
    </Filter>
    <Filter Include="ソース ファイル\Utility">
      <UniqueIdentifier>{14fdac80-f327-4240-a151-ffa00db026e8}</UniqueIdentifier>
    </Filter>
    <Filter Include="ソース ファイル\Shot">
      <UniqueIdentifier>{2f2a679c-108a-4acf-b48c-6b726db01d1c}</UniqueIdentifier>
    </Filter>
    <Filter Include="ソース ファイル\Game">
      <UniqueIdentifier>{e75c1535-0d5c-4f19-8d56-eafc74341b1d}</UniqueIdentifier>
    </Filter>
    <Filter Include="ソース ファイル\Scene">
      <UniqueIdentifier>{b2c85dea-9f12-4682-b608-0e3a08c46056}</UniqueIdentifier>
    </Filter>
    <Filter Include="ソース ファイル\InputManager">
      <UniqueIdentifier>{d3139443-b036-45f7-96f5-2cfc4d1b5bde}</UniqueIdentifier>
    </Filter>
    <Filter Include="ソース ファイル\FPS">
      <UniqueIdentifier>{76021b98-28e4-487d-a651-2949048f946d}</UniqueIdentifier>
    </Filter>
    <Filter Include="ソース ファイル\Enemy\Base">
      <UniqueIdentifier>{5e801147-cfcf-4690-bb99-8f0acf54a311}</UniqueIdentifier>
    </Filter>
    <Filter Include="ソース ファイル\Enemy\Sub">
      <UniqueIdentifier>{0a5c6ece-71b9-4828-9ae1-0b7fd23346f4}</UniqueIdentifier>
    </Filter>
  </ItemGroup>
  <ItemGroup>
    <ClCompile Include="Main.cpp">
      <Filter>ソース ファイル</Filter>
    </ClCompile>
    <ClCompile Include="Game.cpp">
      <Filter>ソース ファイル</Filter>
    </ClCompile>
    <ClCompile Include="Player.cpp">
      <Filter>ソース ファイル\Player</Filter>
    </ClCompile>
    <ClCompile Include="Font.cpp">
      <Filter>ソース ファイル\UI</Filter>
    </ClCompile>
    <ClCompile Include="Effect.cpp">
      <Filter>ソース ファイル\Effect</Filter>
    </ClCompile>
    <ClCompile Include="Colision.cpp">
      <Filter>ソース ファイル\Colision</Filter>
    </ClCompile>
    <ClCompile Include="Camera.cpp">
      <Filter>ソース ファイル\Camera</Filter>
    </ClCompile>
    <ClCompile Include="Map.cpp">
      <Filter>ソース ファイル\Map</Filter>
    </ClCompile>
    <ClCompile Include="WorldSprite.cpp">
      <Filter>ソース ファイル\Map</Filter>
    </ClCompile>
    <ClCompile Include="Utility.cpp">
      <Filter>ソース ファイル\Utility</Filter>
    </ClCompile>
    <ClCompile Include="Shot.cpp">
      <Filter>ソース ファイル\Shot</Filter>
    </ClCompile>
    <ClCompile Include="ShotManager.cpp">
      <Filter>ソース ファイル\Shot</Filter>
    </ClCompile>
    <ClCompile Include="GameScene.cpp">
      <Filter>ソース ファイル\Scene</Filter>
    </ClCompile>
    <ClCompile Include="TitleScene.cpp">
      <Filter>ソース ファイル\Scene</Filter>
    </ClCompile>
    <ClCompile Include="InputManager.cpp">
      <Filter>ソース ファイル\InputManager</Filter>
    </ClCompile>
    <ClCompile Include="ResultScene.cpp">
      <Filter>ソース ファイル\Scene</Filter>
    </ClCompile>
    <ClCompile Include="FrameRate.cpp">
      <Filter>ソース ファイル\FPS</Filter>
    </ClCompile>
    <ClCompile Include="BaseEnemy.cpp">
      <Filter>ソース ファイル\Enemy\Base</Filter>
    </ClCompile>
    <ClCompile Include="ShooterEnemy.cpp">
      <Filter>ソース ファイル\Enemy\Base</Filter>
    </ClCompile>
    <ClCompile Include="EasyEnemy.cpp">
      <Filter>ソース ファイル\Enemy\Sub</Filter>
    </ClCompile>
    <ClCompile Include="EnemyManager.cpp">
      <Filter>ソース ファイル\Enemy\Sub</Filter>
    </ClCompile>
    <ClCompile Include="OneWayShotEnemy.cpp">
      <Filter>ソース ファイル\Enemy\Sub</Filter>
    </ClCompile>
    <ClCompile Include="FallingAttackEnemy.cpp">
      <Filter>ソース ファイル</Filter>
    </ClCompile>
    <ClCompile Include="BlinkingDrawString.cpp">
      <Filter>ソース ファイル</Filter>
    </ClCompile>
    <ClCompile Include="TitleUI.cpp">
      <Filter>ソース ファイル\UI</Filter>
    </ClCompile>
    <ClCompile Include="GameSceneUI.cpp">
      <Filter>ソース ファイル\UI</Filter>
    </ClCompile>
  </ItemGroup>
  <ItemGroup>
    <ClInclude Include="Player.h">
      <Filter>ソース ファイル\Player</Filter>
    </ClInclude>
    <ClInclude Include="Font.h">
      <Filter>ソース ファイル\UI</Filter>
    </ClInclude>
    <ClInclude Include="Effect.h">
      <Filter>ソース ファイル\Effect</Filter>
    </ClInclude>
    <ClInclude Include="GameObject.h">
      <Filter>ソース ファイル\GameObject</Filter>
    </ClInclude>
    <ClInclude Include="Camera.h">
      <Filter>ソース ファイル\Camera</Filter>
    </ClInclude>
    <ClInclude Include="Map.h">
      <Filter>ソース ファイル\Map</Filter>
    </ClInclude>
    <ClInclude Include="Colision.h">
      <Filter>ソース ファイル\Colision</Filter>
    </ClInclude>
    <ClInclude Include="WorldSprite.h">
      <Filter>ソース ファイル\Map</Filter>
    </ClInclude>
    <ClInclude Include="Utility.h">
      <Filter>ソース ファイル\Utility</Filter>
    </ClInclude>
    <ClInclude Include="Game.h">
      <Filter>ソース ファイル</Filter>
    </ClInclude>
    <ClInclude Include="Shot.h">
      <Filter>ソース ファイル\Shot</Filter>
    </ClInclude>
    <ClInclude Include="ShotManager.h">
      <Filter>ソース ファイル\Shot</Filter>
    </ClInclude>
    <ClInclude Include="GameScene.h">
      <Filter>ソース ファイル\Scene</Filter>
    </ClInclude>
    <ClInclude Include="SceneBase.h">
      <Filter>ソース ファイル\Scene</Filter>
    </ClInclude>
    <ClInclude Include="TitleScene.h">
      <Filter>ソース ファイル\Scene</Filter>
    </ClInclude>
    <ClInclude Include="InputManager.h">
      <Filter>ソース ファイル\InputManager</Filter>
    </ClInclude>
    <ClInclude Include="ResultScene.h">
      <Filter>ソース ファイル\Scene</Filter>
    </ClInclude>
    <ClInclude Include="FrameRate.h">
      <Filter>ソース ファイル\FPS</Filter>
    </ClInclude>
    <ClInclude Include="BaseEnemy.h">
      <Filter>ソース ファイル\Enemy\Base</Filter>
    </ClInclude>
    <ClInclude Include="EnemyInformation.h">
      <Filter>ソース ファイル\Enemy\Base</Filter>
    </ClInclude>
    <ClInclude Include="ShooterEnemy.h">
      <Filter>ソース ファイル\Enemy\Base</Filter>
    </ClInclude>
    <ClInclude Include="EasyEnemy.h">
      <Filter>ソース ファイル\Enemy\Sub</Filter>
    </ClInclude>
    <ClInclude Include="EnemyManager.h">
      <Filter>ソース ファイル\Enemy\Sub</Filter>
    </ClInclude>
    <ClInclude Include="OneWayShotEnemy.h">
      <Filter>ソース ファイル\Enemy\Sub</Filter>
    </ClInclude>
    <ClInclude Include="FallingAttackEnemy.h">
      <Filter>ヘッダー ファイル</Filter>
    </ClInclude>
    <ClInclude Include="BlinkingDrawString.h">
      <Filter>ヘッダー ファイル</Filter>
    </ClInclude>
    <ClInclude Include="TitleUI.h">
      <Filter>ソース ファイル\UI</Filter>
    </ClInclude>
    <ClInclude Include="GameSceneUI.h">
      <Filter>ソース ファイル\UI</Filter>
    </ClInclude>
  </ItemGroup>
</Project>